github.com/Masterminds/semver/v3 v3.5.0 h1:kQceYJfbupGfZOKZQg0kou0DgAKhzDg2NZPAwZ/2OOE=
github.com/Masterminds/semver/v3 v3.5.0/go.mod h1:4V+yj/TJE1HU9XfppCwVMZq3I84lprf4nC11bSS5beM=
github.com/dlclark/regexp2/v2 v2.8.0 h1:CekDhPLGfm+GAJmPVFIG+5dqMIQPkyHJll7BbdneDfw=
github.com/dlclark/regexp2/v2 v2.8.0/go.mod h1:avUrQvPaLz2DrFNHJF0taWAFFX2C1GMSSoeiqFjcBmU=
github.com/go-sourcemap/sourcemap v2.1.4+incompatible h1:a+iTbH5auLKxaNwQFg0B+TCYl6lbukKPc7b5x0n1s6Q=
github.com/go-sourcemap/sourcemap v2.1.4+incompatible/go.mod h1:F8jJfvm2KbVjc5NqelyYJmf/v5J0dwNLS2mL4sNA1Jg=
github.com/goccy/go-yaml v1.19.2 h1:PmFC1S6h8ljIz6gMRBopkjP1TVT7xuwrButHID66PoM=
github.com/goccy/go-yaml v1.19.2/go.mod h1:XBurs7gK8ATbW4ZPGKgcbrY1Br56PdM69F7LkFRi1kA=
github.com/google/go-cmp v0.7.0 h1:wk8382ETsv4JYUZwIsn6YpYiWiBsYLSJiTsyBybVuN8=
github.com/google/go-cmp v0.7.0/go.mod h1:pXiqmnSA92OHEEa9HXL2W4E7lf9JzCmGVUdgjX3N/iU=
github.com/google/pprof v0.0.0-20260906184651-6331bc6350fe h1:QAinXoAFJdGQYztXn3VpFey7KCwpedbZ/EkzbplQ0cY=
github.com/google/pprof v0.0.0-20260906184651-6331bc6350fe/go.mod h1:jl5iWTm0/hd5PjEYEOuwAJ57L/CibdZfrqZ5XA5GrCk=
github.com/joeycumines/goja v0.0.0-20260825080301-3790b08373a0 h1:ukcVCapTpE09zd3zO6y9Kz5IzTi1l3EOFO7+29caI2o=
github.com/joeycumines/goja v0.0.0-20260825080301-3790b08373a0/go.mod h1:XfXfvCStIae77PELTlA7zu9WGkxzNYmeH2ZgzAPJn+w=
github.com/joeycumines/goja-protobuf v0.0.0-20260825080318-b4a90e867ce4 h1:HkiSRjzjEVPv0Inh8xg0OIIx4MsECie/KqAO7h/R+dY=
github.com/joeycumines/goja-protobuf v0.0.0-20260825080318-b4a90e867ce4/go.mod h1:V4vLJF+1s6FHpKwgTlKAJSsSP/rH2PhZwmCC1jlw6cs=
github.com/joeycumines/goja_nodejs v0.0.0-20260825080329-b83bd892783d h1:/8na0Fc4Wi+EQHeftgKGL4zGn7czBsyUVcWMiP7bANA=
github.com/joeycumines/goja_nodejs v0.0.0-20260825080329-b83bd892783d/go.mod h1:jCar5iBkPycULmIiMrUaFRNuRVUHXIXxwH3kJet/E9U=
golang.org/x/text v0.41.0 h1:vz/seA0lnX87Othu2f/0L24RcgrXD9/YFTSuGjj3rH8=
golang.org/x/text v0.41.0/go.mod h1:jvf1O8ajNzZqhSrQBPbutR/EB83Cc0CFrezNQIwbb5M=
google.golang.org/protobuf v1.36.12 h1:pJOKDDOyeXErUroCihFAd5LQuwXBSpVnKGrj5o/fwxc=
google.golang.org/protobuf v1.36.12/go.mod h1:HTf+CrKn2C3g5S8VImy6tdcUvCska2kB7j23XfzDpco=
