{
  "name": "goja_nodejs",
  "lockfileVersion": 3,
  "requires": true,
  "packages": {
    "": {
      "workspaces": [
        "types"
      ]
    },
    "node_modules/@joeycumines/goja_nodejs": {
      "resolved": "types",
      "link": true
    },
    "node_modules/typescript": {
      "version": "6.0.0-dev.20260416",
      "resolved": "https://registry.npmjs.org/typescript/-/typescript-6.0.0-dev.20260416.tgz",
      "integrity": "sha512-64CCow5rQc6+oBAPqLtvZ8f3iz4WVCLwMVkg6/kOfMQlGshVOMkBhCXn+MMP4SX4Xtnz48VpD98FkptirMEuEQ==",
      "dev": true,
      "license": "Apache-2.0",
      "bin": {
        "tsc": "bin/tsc",
        "tsserver": "bin/tsserver"
      },
      "engines": {
        "node": ">=14.17"
      }
    },
    "types": {
      "name": "@joeycumines/goja_nodejs",
      "version": "0.0.0",
      "license": "MIT",
      "devDependencies": {
        "typescript": "next"
      }
    }
  }
}
