github.com/davecgh/go-spew v1.1.1 h1:vj9j/u1bqnvCEfJOwUhtlOARqs3+rkHYY13jYWTU97c=
github.com/hexops/gotextdiff v1.0.3 h1:gitA9+qJrrTCsiCl7+kh75nPqQt1cx4ZkudSTLoUqJM=
github.com/hexops/gotextdiff v1.0.3/go.mod h1:pSWU5MAI3yDq+fZBTazCSJysOMbxWL1BSow5/V2vxeg=
github.com/joeycumines/go-utilpkg/jsonenc v0.0.0-20230416225528-1038974e1356 h1:hRA3worszH4g9FxFN44Q/brliZQBfMEemoRR84q0oOE=
github.com/joeycumines/logiface v0.0.0-20230417212706-3475bb75b03c h1:3MVCT01ZPPqEC4604KH5j11Z9WRMlOCGS7vclMJPeQI=
github.com/joeycumines/logiface v0.0.0-20230417212706-3475bb75b03c/go.mod h1:LlieYlX8jYIJy9WMu7t1U5AL9ihokOQ8yBaxS7nwGFU=
github.com/joeycumines/stumpy v0.0.0-20230416225611-4bbd9619b117 h1:XWQhL7S3V7teAQlP9CyLStB1useoiZzpzRzDq75M1Fs=
github.com/pmezard/go-difflib v1.0.0 h1:4DBwDE0NGyQoBHbLQYPwSUPoCMWR5BEzIk/f1lZbAQM=
github.com/stretchr/testify v1.8.2 h1:+h33VjcLVPDHtOdpUCuF+7gSuG3yGIftsP1YvFihtJ8=
golang.org/x/exp v0.0.0-20230425010034-47ecfdc1ba53 h1:5llv2sWeaMSnA3w2kS57ouQQ4pudlXrR0dCgw51QK9o=
golang.org/x/exp v0.0.0-20230425010034-47ecfdc1ba53/go.mod h1:V1LtkGg67GoY2N1AnLN78QLrzxkLyJw7RJb1gzOOz9w=
gopkg.in/yaml.v3 v3.0.1 h1:fxVm/GzAzEWqLHuvctI91KS9hhNmmWOoWu0XTYJS7CA=
