github.com/davecgh/go-spew v1.1.1 h1:vj9j/u1bqnvCEfJOwUhtlOARqs3+rkHYY13jYWTU97c=
github.com/hexops/gotextdiff v1.0.3 h1:gitA9+qJrrTCsiCl7+kh75nPqQt1cx4ZkudSTLoUqJM=
github.com/hexops/gotextdiff v1.0.3/go.mod h1:pSWU5MAI3yDq+fZBTazCSJysOMbxWL1BSow5/V2vxeg=
github.com/joeycumines/go-catrate v0.0.0-20230811213309-dabd07727055 h1:vxQmEneJvnOeTlep6tenNyKnwL7WLqDHx1vS3gdimwc=
github.com/joeycumines/go-catrate v0.0.0-20230811213309-dabd07727055/go.mod h1:pBJSN32A3Llv/Lt0lyUk9JTy3bMhKqVN0DlKMRmBomg=
github.com/joeycumines/go-utilpkg/jsonenc v0.0.0-20230803131503-0fe828ecefae h1:XL7IcdFq74hx1dXXl1xOXRbgaZUWdCojaa1tAW6/ozc=
github.com/joeycumines/logiface v0.5.0 h1:4fm7M1b6XLWByJ215bqUqGGbPExKBbTEG9ugUkrCZPk=
github.com/joeycumines/logiface v0.5.0/go.mod h1:ivS8dtJp7dLyHPZjloZXdDs1AJ50ZTj9hXnwHzLFXb8=
github.com/joeycumines/stumpy v0.2.0 h1:fLvyJdhcjBwJLIRGzI16Ah4FeHrJYaoyQlKjT+0f+Io=
github.com/pmezard/go-difflib v1.0.0 h1:4DBwDE0NGyQoBHbLQYPwSUPoCMWR5BEzIk/f1lZbAQM=
github.com/stretchr/testify v1.8.4 h1:CcVxjf3Q8PM0mHUKJCdn+eZZtm5yQwehR5yeSVQQcUk=
golang.org/x/exp v0.0.0-20230817173708-d852ddb80c63 h1:m64FZMko/V45gv0bNmrNYoDEq8U5YUhetc9cBWKS1TQ=
golang.org/x/exp v0.0.0-20230817173708-d852ddb80c63/go.mod h1:0v4NqG35kSWCMzLaMeX+IQrlSnVE/bqGSyC2cz/9Le8=
gopkg.in/yaml.v3 v3.0.1 h1:fxVm/GzAzEWqLHuvctI91KS9hhNmmWOoWu0XTYJS7CA=
