github.com/davecgh/go-spew v1.1.1 h1:vj9j/u1bqnvCEfJOwUhtlOARqs3+rkHYY13jYWTU97c=
github.com/davecgh/go-spew v1.1.1/go.mod h1:J7Y8YcW2NihsgmVo/mv3lAwl/skON4iLHjSsI+c5H38=
github.com/hexops/gotextdiff v1.0.3 h1:gitA9+qJrrTCsiCl7+kh75nPqQt1cx4ZkudSTLoUqJM=
github.com/hexops/gotextdiff v1.0.3/go.mod h1:pSWU5MAI3yDq+fZBTazCSJysOMbxWL1BSow5/V2vxeg=
github.com/joeycumines/go-catrate v0.0.0-20240815230336-e1cfa6193d10 h1:IiLqgMIQmNekH6eqGq4DX1YHGui91p5fqMvN3PVAs4c=
github.com/joeycumines/go-catrate v0.0.0-20240815230336-e1cfa6193d10/go.mod h1:vtvzEqgFuG/TORHRSLWs8F2M22Xc3d/kudKIDC10mkU=
github.com/joeycumines/go-utilpkg/jsonenc v0.0.0-20240815230049-04948195cd2a h1:7aqBuSkI4Lf/cqxUKVmw7c8j3XTjr5/dhAFral3GGkM=
github.com/joeycumines/go-utilpkg/jsonenc v0.0.0-20240815230049-04948195cd2a/go.mod h1:XJujV/61t49smtlpoCK4FzSYr08jt1BafJTgHCfCtTY=
github.com/joeycumines/logiface v0.5.0 h1:4fm7M1b6XLWByJ215bqUqGGbPExKBbTEG9ugUkrCZPk=
github.com/joeycumines/logiface v0.5.0/go.mod h1:ivS8dtJp7dLyHPZjloZXdDs1AJ50ZTj9hXnwHzLFXb8=
github.com/joeycumines/logiface-testsuite v0.0.0-20240815230359-d0736468fd70 h1:kAF6VrawxJf+1hdOKrm/GmhDk2LdB588QrNaZ7YEbws=
github.com/joeycumines/logiface-testsuite v0.0.0-20240815230359-d0736468fd70/go.mod h1:TeWQ4m/2XsqX+F5NZU68I2v+Z8zjslSFLmbWK2Y8EHk=
github.com/pmezard/go-difflib v1.0.0 h1:4DBwDE0NGyQoBHbLQYPwSUPoCMWR5BEzIk/f1lZbAQM=
github.com/pmezard/go-difflib v1.0.0/go.mod h1:iKH77koFhYxTK1pcRnkKkqfTogsbg7gZNVY4sRDYZ/4=
github.com/stretchr/testify v1.9.0 h1:HtqpIVDClZ4nwg75+f6Lvsy/wHu+3BoSGCbBAcpTsTg=
github.com/stretchr/testify v1.9.0/go.mod h1:r2ic/lqez/lEtzL7wO/rwa5dbSLXVDPFyf8C91i36aY=
golang.org/x/exp v0.0.0-20240808152545-0cdaa3abc0fa h1:ELnwvuAXPNtPk1TJRuGkI9fDTwym6AYBu0qzT8AcHdI=
golang.org/x/exp v0.0.0-20240808152545-0cdaa3abc0fa/go.mod h1:akd2r19cwCdwSwWeIdzYQGa/EZZyqcOdwWiwj5L5eKQ=
gopkg.in/yaml.v3 v3.0.1 h1:fxVm/GzAzEWqLHuvctI91KS9hhNmmWOoWu0XTYJS7CA=
gopkg.in/yaml.v3 v3.0.1/go.mod h1:K4uyk7z7BCEPqu6E+C64Yfv1cQ7kz7rIZviUmN+EgEM=
