github.com/davecgh/go-spew v1.1.1 h1:vj9j/u1bqnvCEfJOwUhtlOARqs3+rkHYY13jYWTU97c=
github.com/davecgh/go-spew v1.1.1/go.mod h1:J7Y8YcW2NihsgmVo/mv3lAwl/skON4iLHjSsI+c5H38=
github.com/hexops/gotextdiff v1.0.3 h1:gitA9+qJrrTCsiCl7+kh75nPqQt1cx4ZkudSTLoUqJM=
github.com/hexops/gotextdiff v1.0.3/go.mod h1:pSWU5MAI3yDq+fZBTazCSJysOMbxWL1BSow5/V2vxeg=
github.com/joeycumines/go-catrate v0.0.0-20240816152735-23e44ebfd51e h1:r3Rd5pT22/F3x4vDjbqd3N4ivKQUZCk8kPGTxzLT43c=
github.com/joeycumines/go-catrate v0.0.0-20240816152735-23e44ebfd51e/go.mod h1:k6KkR4vvdPUI7ic9XOL/8T6ZwbEzAbZCx0yXUegEw+0=
github.com/joeycumines/go-utilpkg/jsonenc v0.0.0-20240818021415-ca4216078ccd h1:3wGn2Tnq4yTKcgr8Pi4KuvkydpSH8zB0OVGKytz12MA=
github.com/joeycumines/go-utilpkg/jsonenc v0.0.0-20240818021415-ca4216078ccd/go.mod h1:/negrNY/GYwnt+kzoWI7VjqjMuWbiVpfrMWQNPGXB/k=
github.com/joeycumines/logiface v0.5.0 h1:4fm7M1b6XLWByJ215bqUqGGbPExKBbTEG9ugUkrCZPk=
github.com/joeycumines/logiface v0.5.0/go.mod h1:ivS8dtJp7dLyHPZjloZXdDs1AJ50ZTj9hXnwHzLFXb8=
github.com/joeycumines/logiface-testsuite v0.0.0-20240818020420-8122a04a967a h1:mfwPyz9RPWYwvbOtmf29Cv8T2DWHzz9hEHGA3Kp1r/E=
github.com/joeycumines/logiface-testsuite v0.0.0-20240818020420-8122a04a967a/go.mod h1:4gzn6WPcxkFieEDz7+qhlCoUN36Y0yGEdo0uexf20pA=
github.com/pmezard/go-difflib v1.0.0 h1:4DBwDE0NGyQoBHbLQYPwSUPoCMWR5BEzIk/f1lZbAQM=
github.com/pmezard/go-difflib v1.0.0/go.mod h1:iKH77koFhYxTK1pcRnkKkqfTogsbg7gZNVY4sRDYZ/4=
github.com/stretchr/testify v1.9.0 h1:HtqpIVDClZ4nwg75+f6Lvsy/wHu+3BoSGCbBAcpTsTg=
github.com/stretchr/testify v1.9.0/go.mod h1:r2ic/lqez/lEtzL7wO/rwa5dbSLXVDPFyf8C91i36aY=
golang.org/x/exp v0.0.0-20241108190413-2d47ceb2692f h1:XdNn9LlyWAhLVp6P/i8QYBW+hlyhrhei9uErw2B5GJo=
golang.org/x/exp v0.0.0-20241108190413-2d47ceb2692f/go.mod h1:D5SMRVC3C2/4+F/DB1wZsLRnSNimn2Sp/NPsCrsv8ak=
gopkg.in/yaml.v3 v3.0.1 h1:fxVm/GzAzEWqLHuvctI91KS9hhNmmWOoWu0XTYJS7CA=
gopkg.in/yaml.v3 v3.0.1/go.mod h1:K4uyk7z7BCEPqu6E+C64Yfv1cQ7kz7rIZviUmN+EgEM=
