github.com/Masterminds/semver/v3 v3.2.1 h1:RN9w6+7QoMeJVGyfmbcgs28Br8cvmnucEXnY0rYXWg0=
github.com/Masterminds/semver/v3 v3.2.1/go.mod h1:qvl/7zhW3nngYb5+80sSMF+FG2BjYrf8m9wsX0PNOMQ=
github.com/davecgh/go-spew v1.1.2-0.20180830191138-d8f796af33cc h1:U9qPSI2PIWSS1VwoXQT9A3Wy9MM3WgvqSxFWenqJduM=
github.com/davecgh/go-spew v1.1.2-0.20180830191138-d8f796af33cc/go.mod h1:J7Y8YcW2NihsgmVo/mv3lAwl/skON4iLHjSsI+c5H38=
github.com/dlclark/regexp2 v1.12.0 h1:0j4c5qQmnC6XOWNjP3PIXURXN2gWx76rd3KvgdPkCz8=
github.com/dlclark/regexp2 v1.12.0/go.mod h1:DHkYz0B9wPfa6wondMfaivmHpzrQ3v9q8cnmRbL6yW8=
github.com/dop251/goja v0.0.0-20260311135729-065cd970411c h1:OcLmPfx1T1RmZVHHFwWMPaZDdRf0DBMZOFMVWJa7Pdk=
github.com/dop251/goja v0.0.0-20260311135729-065cd970411c/go.mod h1:MxLav0peU43GgvwVgNbLAj1s/bSGboKkhuULvq/7hx4=
github.com/dop251/goja_nodejs v0.0.0-20260212111938-1f56ff5bcf14 h1:3U8dTgyNBhEQ/GVw0jZW5q+93Zw2gAZPRWhJ9TwV3rM=
github.com/dop251/goja_nodejs v0.0.0-20260212111938-1f56ff5bcf14/go.mod h1:Tb7Xxye4LX7cT3i8YLvmPMGCV92IOi4CDZvm/V8ylc0=
github.com/go-sourcemap/sourcemap v2.1.4+incompatible h1:a+iTbH5auLKxaNwQFg0B+TCYl6lbukKPc7b5x0n1s6Q=
github.com/go-sourcemap/sourcemap v2.1.4+incompatible/go.mod h1:F8jJfvm2KbVjc5NqelyYJmf/v5J0dwNLS2mL4sNA1Jg=
github.com/google/pprof v0.0.0-20260402051712-545e8a4df936 h1:EwtI+Al+DeppwYX2oXJCETMO23COyaKGP6fHVpkpWpg=
github.com/google/pprof v0.0.0-20260402051712-545e8a4df936/go.mod h1:MxpfABSjhmINe3F1It9d+8exIHFvUqtLIRCdOGNXqiI=
github.com/hexops/gotextdiff v1.0.3 h1:gitA9+qJrrTCsiCl7+kh75nPqQt1cx4ZkudSTLoUqJM=
github.com/hexops/gotextdiff v1.0.3/go.mod h1:pSWU5MAI3yDq+fZBTazCSJysOMbxWL1BSow5/V2vxeg=
github.com/joeycumines/go-catrate v0.0.0-20260331032335-1bb8bb5ab23b h1:FVHYCM+uuPMU/Qx7dcn/iRBiNeOMYfhg79Qta9bfA+E=
github.com/joeycumines/go-catrate v0.0.0-20260331032335-1bb8bb5ab23b/go.mod h1:EIZV2sNsBWlLtE5/IsRo9nDJJIbPwv+5hxcuJi54Nw4=
github.com/joeycumines/go-utilpkg/jsonenc v0.0.0-20230803131503-0fe828ecefae h1:XL7IcdFq74hx1dXXl1xOXRbgaZUWdCojaa1tAW6/ozc=
github.com/joeycumines/go-utilpkg/jsonenc v0.0.0-20230803131503-0fe828ecefae/go.mod h1:CunLunFiy6ZyhuiuwK5K6z9n1DsFLOvNd5Cu0KgK420=
github.com/joeycumines/goroutineid v1.1.0 h1:qBh3nHCqr6GaELN5aoRptfoK+/1l9DnB8CzGLulrIUw=
github.com/joeycumines/goroutineid v1.1.0/go.mod h1:tnbQeix98R8i/E4oejMogd9GowCxPd9/uySabNi3MJE=
github.com/joeycumines/logiface v0.5.0 h1:4fm7M1b6XLWByJ215bqUqGGbPExKBbTEG9ugUkrCZPk=
github.com/joeycumines/logiface v0.5.0/go.mod h1:ivS8dtJp7dLyHPZjloZXdDs1AJ50ZTj9hXnwHzLFXb8=
github.com/joeycumines/stumpy v0.2.0 h1:fLvyJdhcjBwJLIRGzI16Ah4FeHrJYaoyQlKjT+0f+Io=
github.com/joeycumines/stumpy v0.2.0/go.mod h1:21Xwh9UyHQ86h18ESaK/aRsDpm9AHJpCvTUvF8KvGSw=
github.com/pmezard/go-difflib v1.0.1-0.20181226105442-5d4384ee4fb2 h1:Jamvg5psRIccs7FGNTlIRMkT8wgtp5eCXdBlqhYGL6U=
github.com/pmezard/go-difflib v1.0.1-0.20181226105442-5d4384ee4fb2/go.mod h1:iKH77koFhYxTK1pcRnkKkqfTogsbg7gZNVY4sRDYZ/4=
github.com/stretchr/testify v1.11.1 h1:7s2iGBzp5EwR7/aIZr8ao5+dra3wiQyKjjFuvgVKu7U=
github.com/stretchr/testify v1.11.1/go.mod h1:wZwfW3scLgRK+23gO65QZefKpKQRnfz6sD981Nm4B6U=
go.uber.org/goleak v1.3.0 h1:2K3zAYmnTNqV73imy9J1T3WC+gmCePx2hEGkimedGto=
go.uber.org/goleak v1.3.0/go.mod h1:CoHD4mav9JJNrW/WLlf7HGZPjdw8EucARQHekz1X6bE=
golang.org/x/exp v0.0.0-20260410095643-746e56fc9e2f h1:W3F4c+6OLc6H2lb//N1q4WpJkhzJCK5J6kUi1NTVXfM=
golang.org/x/exp v0.0.0-20260410095643-746e56fc9e2f/go.mod h1:J1xhfL/vlindoeF/aINzNzt2Bket5bjo9sdOYzOsU80=
golang.org/x/sys v0.43.0 h1:Rlag2XtaFTxp19wS8MXlJwTvoh8ArU6ezoyFsMyCTNI=
golang.org/x/sys v0.43.0/go.mod h1:4GL1E5IUh+htKOUEOaiffhrAeqysfVGipDYzABqnCmw=
golang.org/x/text v0.36.0 h1:JfKh3XmcRPqZPKevfXVpI1wXPTqbkE5f7JA92a55Yxg=
golang.org/x/text v0.36.0/go.mod h1:NIdBknypM8iqVmPiuco0Dh6P5Jcdk8lJL0CUebqK164=
gopkg.in/yaml.v2 v2.4.0 h1:D8xgwECY7CYvx+Y2n4sBz93Jn9JRvxdiyyo8CTfuKaY=
gopkg.in/yaml.v2 v2.4.0/go.mod h1:RDklbk79AGWmwhnvt/jBztapEOGDOx6ZbXqjP6csGnQ=
gopkg.in/yaml.v3 v3.0.1 h1:fxVm/GzAzEWqLHuvctI91KS9hhNmmWOoWu0XTYJS7CA=
gopkg.in/yaml.v3 v3.0.1/go.mod h1:K4uyk7z7BCEPqu6E+C64Yfv1cQ7kz7rIZviUmN+EgEM=
