github.com/Masterminds/semver/v3 v3.5.0 h1:kQceYJfbupGfZOKZQg0kou0DgAKhzDg2NZPAwZ/2OOE=
github.com/Masterminds/semver/v3 v3.5.0/go.mod h1:4V+yj/TJE1HU9XfppCwVMZq3I84lprf4nC11bSS5beM=
github.com/dlclark/regexp2/v2 v2.8.0 h1:CekDhPLGfm+GAJmPVFIG+5dqMIQPkyHJll7BbdneDfw=
github.com/dlclark/regexp2/v2 v2.8.0/go.mod h1:avUrQvPaLz2DrFNHJF0taWAFFX2C1GMSSoeiqFjcBmU=
github.com/go-sourcemap/sourcemap v2.1.4+incompatible h1:a+iTbH5auLKxaNwQFg0B+TCYl6lbukKPc7b5x0n1s6Q=
github.com/go-sourcemap/sourcemap v2.1.4+incompatible/go.mod h1:F8jJfvm2KbVjc5NqelyYJmf/v5J0dwNLS2mL4sNA1Jg=
github.com/goccy/go-yaml v1.19.2 h1:PmFC1S6h8ljIz6gMRBopkjP1TVT7xuwrButHID66PoM=
github.com/goccy/go-yaml v1.19.2/go.mod h1:XBurs7gK8ATbW4ZPGKgcbrY1Br56PdM69F7LkFRi1kA=
github.com/google/pprof v0.0.0-20260906184651-6331bc6350fe h1:QAinXoAFJdGQYztXn3VpFey7KCwpedbZ/EkzbplQ0cY=
github.com/google/pprof v0.0.0-20260906184651-6331bc6350fe/go.mod h1:jl5iWTm0/hd5PjEYEOuwAJ57L/CibdZfrqZ5XA5GrCk=
github.com/hexops/gotextdiff v1.0.3 h1:gitA9+qJrrTCsiCl7+kh75nPqQt1cx4ZkudSTLoUqJM=
github.com/hexops/gotextdiff v1.0.3/go.mod h1:pSWU5MAI3yDq+fZBTazCSJysOMbxWL1BSow5/V2vxeg=
github.com/joeycumines/go-catrate v0.0.0-20260914042225-9038431973e1 h1:i0SCUfaZOiMuYys8BThRQQC0gfeLHBo6/XMg3W3e3+E=
github.com/joeycumines/go-catrate v0.0.0-20260914042225-9038431973e1/go.mod h1:mjAh8KZ9z7HgMUWvEdHbvK7hE3/mAirLEiM3hCM3JWE=
github.com/joeycumines/go-utilpkg/jsonenc v0.0.0-20260908035720-54c96e4412a1 h1:nsXzY+CLB4JXeCiX66xUtP9aq0cwRrFNKLmQdIb1uck=
github.com/joeycumines/go-utilpkg/jsonenc v0.0.0-20260908035720-54c96e4412a1/go.mod h1:GDxgeJHBdDYTUbJd3dJF/Sflw5SeULvJCFZkTHE+B5Y=
github.com/joeycumines/goja v0.0.0-20260914042445-00e64ed7db32 h1:DPYxuKzhIegtfaLOwgm4WLsJpfsCr8t5sGPl6/ncieQ=
github.com/joeycumines/goja v0.0.0-20260914042445-00e64ed7db32/go.mod h1:qRgwg99B0JNZl3RMMQjWKtqPn5OZNIJh4apl3ASZEJc=
github.com/joeycumines/goja_nodejs v0.0.0-20260914042534-467aa0e03440 h1:oBVlDb0sm1irOW01k8kv22AwybDNA5OpeA0VtIaWCmE=
github.com/joeycumines/goja_nodejs v0.0.0-20260914042534-467aa0e03440/go.mod h1:YqTye/5oz55yAoK/ZnddZwOVMI0RADA/+D2iE0Phby0=
github.com/joeycumines/goroutineid v1.1.1 h1:IwYFdv4vmojSjv8UuWK6DvaMO2jgI2uWmG3RI7G4exs=
github.com/joeycumines/goroutineid v1.1.1/go.mod h1:FwBG25vzdQ//I2VtrHMaZEA1ko13ksMWRqV411Mlyms=
github.com/joeycumines/logiface v0.7.0 h1:SkQqJkLykRqmc2TfadY3s+ykhY+UoNlVeGCaWJ/s7Sc=
github.com/joeycumines/logiface v0.7.0/go.mod h1:Ne7/IqTVsCoD6L5JywncxcUl9XnpF/iDhnybgucgJCE=
github.com/joeycumines/stumpy v0.4.1 h1:4idZEq/2Fi6mAy9sdk8j+P+ENlaLh1S8c9ymZQLoNzA=
github.com/joeycumines/stumpy v0.4.1/go.mod h1:qy2xFa8+dwh5DlgWa1WlZqld+1wyGVJEVwZlRNJvR6E=
go.uber.org/goleak v1.3.0 h1:2K3zAYmnTNqV73imy9J1T3WC+gmCePx2hEGkimedGto=
go.uber.org/goleak v1.3.0/go.mod h1:CoHD4mav9JJNrW/WLlf7HGZPjdw8EucARQHekz1X6bE=
golang.org/x/exp v0.0.0-20260908205506-85c1c2202aba h1:Ck8QetSgk912qxWLMCKxd0in+aiyBQyDSMae6e/xmpU=
golang.org/x/exp v0.0.0-20260908205506-85c1c2202aba/go.mod h1:50RgIsmK7OwqzTTeqcSXQW8SswW0o8fRcDxmqGluJ8E=
golang.org/x/sys v0.48.0 h1:bbX/i/6MgT9BVLM9RT1thmxL04yeTAhbEz4SyadbXoo=
golang.org/x/sys v0.48.0/go.mod h1:hNLxWAXmnKAxqDtdwIYC4bM9oQPEecfsnNMuSxOs3og=
golang.org/x/text v0.42.0 h1:JbOZXgfeCPU9gacVtYliJqOhD+zhrEqK4LfdpmlUZqI=
golang.org/x/text v0.42.0/go.mod h1:ojzP1Z+2QtioaF8DTtO8K5q7JWVVYwZKenzujK0Zd0E=
