github.com/davecgh/go-spew v1.1.0/go.mod h1:J7Y8YcW2NihsgmVo/mv3lAwl/skON4iLHjSsI+c5H38=
github.com/davecgh/go-spew v1.1.1 h1:vj9j/u1bqnvCEfJOwUhtlOARqs3+rkHYY13jYWTU97c=
github.com/davecgh/go-spew v1.1.1/go.mod h1:J7Y8YcW2NihsgmVo/mv3lAwl/skON4iLHjSsI+c5H38=
github.com/hexops/gotextdiff v1.0.3 h1:gitA9+qJrrTCsiCl7+kh75nPqQt1cx4ZkudSTLoUqJM=
github.com/hexops/gotextdiff v1.0.3/go.mod h1:pSWU5MAI3yDq+fZBTazCSJysOMbxWL1BSow5/V2vxeg=
github.com/joeycumines/go-catrate v0.0.0-20240416230214-ff69e4ddfa07 h1:f1Shncab5dmrAljhvnQLYQAOXSd6+9Yurg4Gv0v8bJM=
github.com/joeycumines/go-catrate v0.0.0-20240416230214-ff69e4ddfa07/go.mod h1:6Nn6YvA+d05m6YHY6kCYAlXLA6r/+QqZRJ034G3C3g8=
github.com/joeycumines/go-utilpkg/jsonenc v0.0.0-20230803131503-0fe828ecefae h1:XL7IcdFq74hx1dXXl1xOXRbgaZUWdCojaa1tAW6/ozc=
github.com/joeycumines/logiface v0.5.0 h1:4fm7M1b6XLWByJ215bqUqGGbPExKBbTEG9ugUkrCZPk=
github.com/joeycumines/logiface v0.5.0/go.mod h1:ivS8dtJp7dLyHPZjloZXdDs1AJ50ZTj9hXnwHzLFXb8=
github.com/joeycumines/logiface-testsuite v0.0.0-20240416230240-41fb6f205104 h1:h8GHhtzR/Fdq745U8n7TvgqWWNd+Ui/eNJche+J0BRc=
github.com/joeycumines/logiface-testsuite v0.0.0-20240416230240-41fb6f205104/go.mod h1:acWkpRVZQR3e1IulsBRUdvrVJq5JQ7ptOYc5lblgUfM=
github.com/joeycumines/stumpy v0.2.0 h1:fLvyJdhcjBwJLIRGzI16Ah4FeHrJYaoyQlKjT+0f+Io=
github.com/pmezard/go-difflib v1.0.0 h1:4DBwDE0NGyQoBHbLQYPwSUPoCMWR5BEzIk/f1lZbAQM=
github.com/pmezard/go-difflib v1.0.0/go.mod h1:iKH77koFhYxTK1pcRnkKkqfTogsbg7gZNVY4sRDYZ/4=
github.com/sirupsen/logrus v1.9.3 h1:dueUQJ1C2q9oE3F7wvmSGAaVtTmUizReu6fjN8uqzbQ=
github.com/sirupsen/logrus v1.9.3/go.mod h1:naHLuLoDiP4jHNo9R0sCBMtWGeIprob74mVsIT4qYEQ=
github.com/stretchr/objx v0.1.0/go.mod h1:HFkY916IF+rwdDfMAkV7OtwuqBVzrE8GR6GFx+wExME=
github.com/stretchr/testify v1.7.0/go.mod h1:6Fq8oRcR53rry900zMqJjRRixrwX3KX962/h/Wwjteg=
github.com/stretchr/testify v1.9.0 h1:HtqpIVDClZ4nwg75+f6Lvsy/wHu+3BoSGCbBAcpTsTg=
golang.org/x/exp v0.0.0-20240613232115-7f521ea00fb8 h1:yixxcjnhBmY0nkL253HFVIm0JsFHwrHdT3Yh6szTnfY=
golang.org/x/exp v0.0.0-20240613232115-7f521ea00fb8/go.mod h1:jj3sYF3dwk5D+ghuXyeI3r5MFf+NT2An6/9dOA95KSI=
golang.org/x/sys v0.0.0-20220715151400-c0bba94af5f8/go.mod h1:oPkhp1MJrh7nUepCBck5+mAzfO9JrbApNNgaTdGDITg=
golang.org/x/sys v0.21.0 h1:rF+pYz3DAGSQAxAu1CbC7catZg4ebC4UIeIhKxBZvws=
golang.org/x/sys v0.21.0/go.mod h1:/VUhepiaJMQUp4+oa/7Zr1D23ma6VTLIYjOOTFZPUcA=
gopkg.in/check.v1 v0.0.0-20161208181325-20d25e280405/go.mod h1:Co6ibVJAznAaIkqp8huTwlJQCZ016jof/cbN4VW5Yz0=
gopkg.in/yaml.v3 v3.0.0-20200313102051-9f266ea9e77c/go.mod h1:K4uyk7z7BCEPqu6E+C64Yfv1cQ7kz7rIZviUmN+EgEM=
gopkg.in/yaml.v3 v3.0.1 h1:fxVm/GzAzEWqLHuvctI91KS9hhNmmWOoWu0XTYJS7CA=
