github.com/hexops/gotextdiff v1.0.3 h1:gitA9+qJrrTCsiCl7+kh75nPqQt1cx4ZkudSTLoUqJM=
github.com/hexops/gotextdiff v1.0.3/go.mod h1:pSWU5MAI3yDq+fZBTazCSJysOMbxWL1BSow5/V2vxeg=
github.com/joeycumines/go-catrate v0.0.0-20260822232657-5012a789c17d h1:SWlXN36/O1QhdlVH6d7jl2QEarCWVb0S/9xPyl7wMgI=
github.com/joeycumines/go-catrate v0.0.0-20260822232657-5012a789c17d/go.mod h1:X63aGRQPisT+0HCrrRpb/lf458gQK53isDCq+zmfFqY=
github.com/joeycumines/go-utilpkg/jsonenc v0.0.0-20260825073212-000dd6b528db h1:UGu246RkRfxBBtwPbtzM1N7eQ1AgwCAQKY97x1XJuKQ=
github.com/joeycumines/go-utilpkg/jsonenc v0.0.0-20260825073212-000dd6b528db/go.mod h1:jVph4CiqrmVZf8Tk+THIsu3EfNN4gdS+wHm+XsBFOH0=
github.com/joeycumines/logiface-testsuite v0.0.0-20260429212851-bc3fc9711265 h1:PB/UOvptmoxiubO1Ei8cd/ZbnvzsSPom+4UFVYAW474=
github.com/joeycumines/logiface-testsuite v0.0.0-20260429212851-bc3fc9711265/go.mod h1:HBldGE3yALKSgeyK/bN0k/hGiA8C69iD2ys74/air5E=
github.com/joeycumines/stumpy v0.4.1 h1:4idZEq/2Fi6mAy9sdk8j+P+ENlaLh1S8c9ymZQLoNzA=
github.com/joeycumines/stumpy v0.4.1/go.mod h1:qy2xFa8+dwh5DlgWa1WlZqld+1wyGVJEVwZlRNJvR6E=
golang.org/x/exp v0.0.0-20260824195058-e88cd73687aa h1:QSyA8ishJCyT21kER9KwNt0b7BM3iRK4x9QXhjN5Fdk=
golang.org/x/exp v0.0.0-20260824195058-e88cd73687aa/go.mod h1:zeBbvyFKDaLwa7CH/zI8KXt7gTl14SF7sO08Pl5jBCM=
