github.com/hexops/gotextdiff v1.0.3 h1:gitA9+qJrrTCsiCl7+kh75nPqQt1cx4ZkudSTLoUqJM=
github.com/hexops/gotextdiff v1.0.3/go.mod h1:pSWU5MAI3yDq+fZBTazCSJysOMbxWL1BSow5/V2vxeg=
github.com/joeycumines/go-catrate v0.0.0-20260908032823-dccf85e24e23 h1:eJyg/IR15Wr7beme7yJ+sot1rHZSOwC1zvB8xO32GU4=
github.com/joeycumines/go-catrate v0.0.0-20260908032823-dccf85e24e23/go.mod h1:jEYWqs95CRuuCEGlFnAlJMbKplE8Cza3SQ+i1W9x7fc=
github.com/joeycumines/go-utilpkg/jsonenc v0.0.0-20260820000213-e3e956b87226 h1:9Dpa8/M1HmcKJO34nPoZia8dRi2pTRKbMDJxkzp04Qg=
github.com/joeycumines/go-utilpkg/jsonenc v0.0.0-20260820000213-e3e956b87226/go.mod h1:6H6lOhkPxuw7XBox7lLlVWdTenc7KmAV/y1RXhBLSXk=
github.com/joeycumines/goroutineid v1.1.1 h1:IwYFdv4vmojSjv8UuWK6DvaMO2jgI2uWmG3RI7G4exs=
github.com/joeycumines/goroutineid v1.1.1/go.mod h1:FwBG25vzdQ//I2VtrHMaZEA1ko13ksMWRqV411Mlyms=
github.com/joeycumines/logiface v0.6.0 h1:HobBs7BQHAyR3j4xjQwNUosJ+2AzHWP9c+BLflyXBdA=
github.com/joeycumines/logiface v0.6.0/go.mod h1:S2wuV+BN8nJnucBnLIFzuTtEIb+Rr04EbU3HhP9z58U=
github.com/joeycumines/stumpy v0.4.0 h1:kwfEEUz1s+iBV+HCbPj3f3FhYrk/+pE7fMoObG0UWSk=
github.com/joeycumines/stumpy v0.4.0/go.mod h1:7O+1/1NVy5a2dRwFuZNKrvtjYhtMSUkdmylD7FqNqyo=
golang.org/x/exp v0.0.0-20260908205506-85c1c2202aba h1:Ck8QetSgk912qxWLMCKxd0in+aiyBQyDSMae6e/xmpU=
golang.org/x/exp v0.0.0-20260908205506-85c1c2202aba/go.mod h1:50RgIsmK7OwqzTTeqcSXQW8SswW0o8fRcDxmqGluJ8E=
golang.org/x/sys v0.48.0 h1:bbX/i/6MgT9BVLM9RT1thmxL04yeTAhbEz4SyadbXoo=
golang.org/x/sys v0.48.0/go.mod h1:hNLxWAXmnKAxqDtdwIYC4bM9oQPEecfsnNMuSxOs3og=
