github.com/Masterminds/semver/v3 v3.5.0 h1:kQceYJfbupGfZOKZQg0kou0DgAKhzDg2NZPAwZ/2OOE=
github.com/Masterminds/semver/v3 v3.5.0/go.mod h1:4V+yj/TJE1HU9XfppCwVMZq3I84lprf4nC11bSS5beM=
github.com/cespare/xxhash/v2 v2.3.0 h1:UL815xU9SqsFlibzuggzjXhog7bL6oX9BbNZnL2UFvs=
github.com/cespare/xxhash/v2 v2.3.0/go.mod h1:VGX0DQ3Q6kWi7AoAeZDth3/j3BFtOZR5XLFGgcrjCOs=
github.com/dlclark/regexp2/v2 v2.7.1 h1:yqDtwI1ptXXvEUNpYTk2lad4jLtAcKqkzepn4savSk4=
github.com/dlclark/regexp2/v2 v2.7.1/go.mod h1:avUrQvPaLz2DrFNHJF0taWAFFX2C1GMSSoeiqFjcBmU=
github.com/go-logr/logr v1.4.3 h1:CjnDlHq8ikf6E492q6eKboGOC0T8CDaOvkHCIg8idEI=
github.com/go-logr/logr v1.4.3/go.mod h1:9T104GzyrTigFIr8wt5mBrctHMim0Nb2HLGrmQ40KvY=
github.com/go-logr/stdr v1.2.2 h1:hSWxHoqTgW2S2qGc0LTAI563KZ5YKYRhT3MFKZMbjag=
github.com/go-logr/stdr v1.2.2/go.mod h1:mMo/vtBO5dYbehREoey6XUKy/eSumjCCveDpRre4VKE=
github.com/go-sourcemap/sourcemap v2.1.4+incompatible h1:a+iTbH5auLKxaNwQFg0B+TCYl6lbukKPc7b5x0n1s6Q=
github.com/go-sourcemap/sourcemap v2.1.4+incompatible/go.mod h1:F8jJfvm2KbVjc5NqelyYJmf/v5J0dwNLS2mL4sNA1Jg=
github.com/goccy/go-yaml v1.19.2 h1:PmFC1S6h8ljIz6gMRBopkjP1TVT7xuwrButHID66PoM=
github.com/goccy/go-yaml v1.19.2/go.mod h1:XBurs7gK8ATbW4ZPGKgcbrY1Br56PdM69F7LkFRi1kA=
github.com/golang/protobuf v1.5.4 h1:i7eJL8qZTpSEXOPTxNKhASYpMn+8e5Q6AdndVa1dWek=
github.com/golang/protobuf v1.5.4/go.mod h1:lnTiLA8Wa4RWRcIUkrtSVa5nRhsEGBg48fD6rSs7xps=
github.com/google/go-cmp v0.7.0 h1:wk8382ETsv4JYUZwIsn6YpYiWiBsYLSJiTsyBybVuN8=
github.com/google/go-cmp v0.7.0/go.mod h1:pXiqmnSA92OHEEa9HXL2W4E7lf9JzCmGVUdgjX3N/iU=
github.com/google/pprof v0.0.0-20260825002013-8a176773c324 h1:mZzE92d5j1+gLhDcQCs5szlyFMNJtM2dpmfQzMgEWP8=
github.com/google/pprof v0.0.0-20260825002013-8a176773c324/go.mod h1:jl5iWTm0/hd5PjEYEOuwAJ57L/CibdZfrqZ5XA5GrCk=
github.com/google/uuid v1.6.0 h1:NIvaJDMOsjHA8n1jAhLSgzrAzy1Hgr+hNrb57e+94F0=
github.com/google/uuid v1.6.0/go.mod h1:TIyPZe4MgqvfeYDBFedMoGGpEw/LqOeaOT+nhxU+yHo=
github.com/hexops/gotextdiff v1.0.3 h1:gitA9+qJrrTCsiCl7+kh75nPqQt1cx4ZkudSTLoUqJM=
github.com/hexops/gotextdiff v1.0.3/go.mod h1:pSWU5MAI3yDq+fZBTazCSJysOMbxWL1BSow5/V2vxeg=
github.com/joeycumines/go-catrate v0.0.0-20260822232657-5012a789c17d h1:SWlXN36/O1QhdlVH6d7jl2QEarCWVb0S/9xPyl7wMgI=
github.com/joeycumines/go-catrate v0.0.0-20260822232657-5012a789c17d/go.mod h1:X63aGRQPisT+0HCrrRpb/lf458gQK53isDCq+zmfFqY=
github.com/joeycumines/go-eventloop v0.0.0-20260824131324-22f9a6a5545e h1:wYosIjxbPvQRM3isz4Hj3dAb2RLxLwK2O1OH/+nZf/o=
github.com/joeycumines/go-eventloop v0.0.0-20260824131324-22f9a6a5545e/go.mod h1:2enscnjphCjwS8rWjvFLw/vFnJ+jpVybtq9W2+FoDuQ=
github.com/joeycumines/go-inprocgrpc v0.0.0-20260824131419-e327357f7935 h1:sQP+Lfn0kwWiLkXtaXNl47HFFocCtN5tB7dg4Fbj6lY=
github.com/joeycumines/go-inprocgrpc v0.0.0-20260824131419-e327357f7935/go.mod h1:/2WR+xkQUwEG1ZgnzTzuWYumQB3izoAxVpuXO6bA4fA=
github.com/joeycumines/go-utilpkg/jsonenc v0.0.0-20260820000213-e3e956b87226 h1:9Dpa8/M1HmcKJO34nPoZia8dRi2pTRKbMDJxkzp04Qg=
github.com/joeycumines/go-utilpkg/jsonenc v0.0.0-20260820000213-e3e956b87226/go.mod h1:6H6lOhkPxuw7XBox7lLlVWdTenc7KmAV/y1RXhBLSXk=
github.com/joeycumines/goja v0.0.0-20260823081319-46200cbcb6c2 h1:IBLAqEHJW2ndNre+GpULXV6aoDnVnL+IMwW6ZIkScZw=
github.com/joeycumines/goja v0.0.0-20260823081319-46200cbcb6c2/go.mod h1:/ZSI3/FMDq5+TSgTFAkaPi0TNcF5dLzZwBu90fNPqcU=
github.com/joeycumines/goja-eventloop v0.0.0-20260823044921-54cfe1a9109f h1:nJ+sgBIXZx4c0coAHOa7/mC288VHeQgh3QS4k+CcufM=
github.com/joeycumines/goja-eventloop v0.0.0-20260823044921-54cfe1a9109f/go.mod h1:Pqc6Vc+N3wburjNTWy4Uhvw22bFvJxO+u5T8TosV9mw=
github.com/joeycumines/goja-protobuf v0.0.0-20260824131356-9e31b56891a0 h1:XA4AaaLbw9oFU9BNY8+2k4PIjoCw4ngpKDnwpgHzrqE=
github.com/joeycumines/goja-protobuf v0.0.0-20260824131356-9e31b56891a0/go.mod h1:yCNR3ccBpUS5boV4ehDHoeluWfZYwOyu2lBDCrdg80g=
github.com/joeycumines/goja-protojson v0.0.0-20260823044930-8f239c7ac312 h1:ZTMODCd/tQSA3oM0F7kYRRCHjlOQOU1Za3H8AZRuviY=
github.com/joeycumines/goja-protojson v0.0.0-20260823044930-8f239c7ac312/go.mod h1:3wsooKspmOh3mQm2L2Re3wUd8GUXhn30g9nEWk3WKRg=
github.com/joeycumines/goja_nodejs v0.0.0-20260823081323-05fa4bcb64d4 h1:n3gKYQ469203ojhwFUGAdqZNDC3VP9vJ3qgiehiZIR0=
github.com/joeycumines/goja_nodejs v0.0.0-20260823081323-05fa4bcb64d4/go.mod h1:DbDK272CSc4fWMk+tLCT2iMdq7MSZBLIaNn4ASjwOlU=
github.com/joeycumines/goroutineid v1.1.1 h1:IwYFdv4vmojSjv8UuWK6DvaMO2jgI2uWmG3RI7G4exs=
github.com/joeycumines/goroutineid v1.1.1/go.mod h1:FwBG25vzdQ//I2VtrHMaZEA1ko13ksMWRqV411Mlyms=
github.com/joeycumines/logiface v0.6.0 h1:HobBs7BQHAyR3j4xjQwNUosJ+2AzHWP9c+BLflyXBdA=
github.com/joeycumines/logiface v0.6.0/go.mod h1:S2wuV+BN8nJnucBnLIFzuTtEIb+Rr04EbU3HhP9z58U=
github.com/joeycumines/stumpy v0.4.0 h1:kwfEEUz1s+iBV+HCbPj3f3FhYrk/+pE7fMoObG0UWSk=
github.com/joeycumines/stumpy v0.4.0/go.mod h1:7O+1/1NVy5a2dRwFuZNKrvtjYhtMSUkdmylD7FqNqyo=
go.opentelemetry.io/auto/sdk v1.2.1 h1:jXsnJ4Lmnqd11kwkBV2LgLoFMZKizbCi5fNZ/ipaZ64=
go.opentelemetry.io/auto/sdk v1.2.1/go.mod h1:KRTj+aOaElaLi+wW1kO/DZRXwkF4C5xPbEe3ZiIhN7Y=
go.opentelemetry.io/otel v1.44.0 h1:JjwHmHpA4iZ3wBxluu2fbbE7j4kqlE8jXyAyPXH7HqU=
go.opentelemetry.io/otel v1.44.0/go.mod h1:BMgjTHL9WPRlRjL2oZCBTL4whCGtXch2H4BhOPIAyYc=
go.opentelemetry.io/otel/metric v1.44.0 h1:1w0gILTcHdr3YI+ixLyjemwrVnsMURbTZFrSYCdDdmc=
go.opentelemetry.io/otel/metric v1.44.0/go.mod h1:8O7hanEPBNgEMmybD3s2VBKcgWOCsA6tzHBPODAiquo=
go.opentelemetry.io/otel/sdk v1.44.0 h1:nHYwb9lK+fJPU/dnT6s7W7Z8itMWyqrnVfbheVYrZ58=
go.opentelemetry.io/otel/sdk v1.44.0/go.mod h1:Osuydd3Se74nqjAKxid74N5eC+jfEqfTegHRnq58oK0=
go.opentelemetry.io/otel/sdk/metric v1.44.0 h1:3LlKgI+VjbVsjNRFZJZAJ30WjXC5VkNRks6si09iEfI=
go.opentelemetry.io/otel/sdk/metric v1.44.0/go.mod h1:5B5pMARnXxKhltooO4xUuCBorl65a4EpnTalObqOigA=
go.opentelemetry.io/otel/trace v1.44.0 h1:jxF5CsGYCe74MCRx2X4g7WsY/VBKRqqpNvXlX/6gtIk=
go.opentelemetry.io/otel/trace v1.44.0/go.mod h1:oLl1jrMQAVo6v3GAggN+1VH9VIz9iUSvW53sW1Q8PIE=
golang.org/x/exp v0.0.0-20260824195058-e88cd73687aa h1:QSyA8ishJCyT21kER9KwNt0b7BM3iRK4x9QXhjN5Fdk=
golang.org/x/exp v0.0.0-20260824195058-e88cd73687aa/go.mod h1:zeBbvyFKDaLwa7CH/zI8KXt7gTl14SF7sO08Pl5jBCM=
golang.org/x/mod v0.40.0 h1:hUv+3cXcdRHz08UmSiOob7sadHig73uo5bkXxQ/tvUs=
golang.org/x/mod v0.40.0/go.mod h1:0/weTWkPWGBikyTWAX3dkjVztMmBA5hM0DH6BElSupE=
golang.org/x/net v0.58.0 h1:ynWG7rqYi4ccpTEuPZ2QGWHktVEM9DMCj9yzDE0Q7To=
golang.org/x/net v0.58.0/go.mod h1:YwCddHnFlT7eLQqVprV19OnhLGtc5xOKgE0RyqgfWAU=
golang.org/x/sys v0.47.0 h1:o7XGOvZQCADBQQ4Y7VNq2dRWQR7JmOUW8Kxx4ZsNgWs=
golang.org/x/sys v0.47.0/go.mod h1:4GL1E5IUh+htKOUEOaiffhrAeqysfVGipDYzABqnCmw=
golang.org/x/text v0.41.0 h1:vz/seA0lnX87Othu2f/0L24RcgrXD9/YFTSuGjj3rH8=
golang.org/x/text v0.41.0/go.mod h1:jvf1O8ajNzZqhSrQBPbutR/EB83Cc0CFrezNQIwbb5M=
gonum.org/v1/gonum v0.17.0 h1:VbpOemQlsSMrYmn7T2OUvQ4dqxQXU+ouZFQsZOx50z4=
gonum.org/v1/gonum v0.17.0/go.mod h1:El3tOrEuMpv2UdMrbNlKEh9vd86bmQ6vqIcDwxEOc1E=
google.golang.org/genproto/googleapis/rpc v0.0.0-20260819154853-08b0e4226688 h1:cYNAzI2sUwhmCcoj9TxvihSrqsxt6uIkj3rDRhSDmW4=
google.golang.org/genproto/googleapis/rpc v0.0.0-20260819154853-08b0e4226688/go.mod h1:DjtHYE8FKJLivXcBEjGwndXfIC23G0VpXiXKqG179uA=
google.golang.org/grpc v1.83.1 h1:HIO0+BEtBP6soyqvqC8sNUjZ7bTs+0hFQuFF+RAy++Y=
google.golang.org/grpc v1.83.1/go.mod h1:kDyl6SKsiHKt0uylY5gtn5cEjkrIOhQOGDgIc4JGwzQ=
google.golang.org/protobuf v1.36.12 h1:pJOKDDOyeXErUroCihFAd5LQuwXBSpVnKGrj5o/fwxc=
google.golang.org/protobuf v1.36.12/go.mod h1:HTf+CrKn2C3g5S8VImy6tdcUvCska2kB7j23XfzDpco=
