github.com/Masterminds/semver/v3 v3.5.0 h1:kQceYJfbupGfZOKZQg0kou0DgAKhzDg2NZPAwZ/2OOE=
github.com/Masterminds/semver/v3 v3.5.0/go.mod h1:4V+yj/TJE1HU9XfppCwVMZq3I84lprf4nC11bSS5beM=
github.com/cespare/xxhash/v2 v2.3.0 h1:UL815xU9SqsFlibzuggzjXhog7bL6oX9BbNZnL2UFvs=
github.com/cespare/xxhash/v2 v2.3.0/go.mod h1:VGX0DQ3Q6kWi7AoAeZDth3/j3BFtOZR5XLFGgcrjCOs=
github.com/dlclark/regexp2/v2 v2.8.0 h1:CekDhPLGfm+GAJmPVFIG+5dqMIQPkyHJll7BbdneDfw=
github.com/dlclark/regexp2/v2 v2.8.0/go.mod h1:avUrQvPaLz2DrFNHJF0taWAFFX2C1GMSSoeiqFjcBmU=
github.com/go-logr/logr v1.4.3 h1:CjnDlHq8ikf6E492q6eKboGOC0T8CDaOvkHCIg8idEI=
github.com/go-logr/logr v1.4.3/go.mod h1:9T104GzyrTigFIr8wt5mBrctHMim0Nb2HLGrmQ40KvY=
github.com/go-logr/stdr v1.2.2 h1:hSWxHoqTgW2S2qGc0LTAI563KZ5YKYRhT3MFKZMbjag=
github.com/go-logr/stdr v1.2.2/go.mod h1:mMo/vtBO5dYbehREoey6XUKy/eSumjCCveDpRre4VKE=
github.com/go-sourcemap/sourcemap v2.1.4+incompatible h1:a+iTbH5auLKxaNwQFg0B+TCYl6lbukKPc7b5x0n1s6Q=
github.com/go-sourcemap/sourcemap v2.1.4+incompatible/go.mod h1:F8jJfvm2KbVjc5NqelyYJmf/v5J0dwNLS2mL4sNA1Jg=
github.com/goccy/go-yaml v1.19.2 h1:PmFC1S6h8ljIz6gMRBopkjP1TVT7xuwrButHID66PoM=
github.com/goccy/go-yaml v1.19.2/go.mod h1:XBurs7gK8ATbW4ZPGKgcbrY1Br56PdM69F7LkFRi1kA=
github.com/golang/protobuf v1.5.4 h1:i7eJL8qZTpSEXOPTxNKhASYpMn+8e5Q6AdndVa1dWek=
github.com/golang/protobuf v1.5.4/go.mod h1:lnTiLA8Wa4RWRcIUkrtSVa5nRhsEGBg48fD6rSs7xps=
github.com/google/go-cmp v0.7.0 h1:wk8382ETsv4JYUZwIsn6YpYiWiBsYLSJiTsyBybVuN8=
github.com/google/go-cmp v0.7.0/go.mod h1:pXiqmnSA92OHEEa9HXL2W4E7lf9JzCmGVUdgjX3N/iU=
github.com/google/pprof v0.0.0-20260906184651-6331bc6350fe h1:QAinXoAFJdGQYztXn3VpFey7KCwpedbZ/EkzbplQ0cY=
github.com/google/pprof v0.0.0-20260906184651-6331bc6350fe/go.mod h1:jl5iWTm0/hd5PjEYEOuwAJ57L/CibdZfrqZ5XA5GrCk=
github.com/google/uuid v1.6.0 h1:NIvaJDMOsjHA8n1jAhLSgzrAzy1Hgr+hNrb57e+94F0=
github.com/google/uuid v1.6.0/go.mod h1:TIyPZe4MgqvfeYDBFedMoGGpEw/LqOeaOT+nhxU+yHo=
github.com/hexops/gotextdiff v1.0.3 h1:gitA9+qJrrTCsiCl7+kh75nPqQt1cx4ZkudSTLoUqJM=
github.com/hexops/gotextdiff v1.0.3/go.mod h1:pSWU5MAI3yDq+fZBTazCSJysOMbxWL1BSow5/V2vxeg=
github.com/joeycumines/go-catrate v0.0.0-20260914042225-9038431973e1 h1:i0SCUfaZOiMuYys8BThRQQC0gfeLHBo6/XMg3W3e3+E=
github.com/joeycumines/go-catrate v0.0.0-20260914042225-9038431973e1/go.mod h1:mjAh8KZ9z7HgMUWvEdHbvK7hE3/mAirLEiM3hCM3JWE=
github.com/joeycumines/go-eventloop v0.1.0 h1:XW4vRkjDODCNOC2jq1+nMH8WQfdEnpgVobMVAP3rb8A=
github.com/joeycumines/go-eventloop v0.1.0/go.mod h1:VhgxVSXu+CukSTWUlmoVVE2ui12dNfzgM1b0loD4gWw=
github.com/joeycumines/go-inprocgrpc v0.0.0-20260914043547-33f473096474 h1:TbtCBQPBs0y2fBpXuBKz3Gv0RCBoQXhNWEVPrLyQpmE=
github.com/joeycumines/go-inprocgrpc v0.0.0-20260914043547-33f473096474/go.mod h1:kkRSI3cATcGS6HB9f3HRO1cnjfX8h2HTVNJa+c74b1w=
github.com/joeycumines/go-utilpkg/jsonenc v0.0.0-20260908035720-54c96e4412a1 h1:nsXzY+CLB4JXeCiX66xUtP9aq0cwRrFNKLmQdIb1uck=
github.com/joeycumines/go-utilpkg/jsonenc v0.0.0-20260908035720-54c96e4412a1/go.mod h1:GDxgeJHBdDYTUbJd3dJF/Sflw5SeULvJCFZkTHE+B5Y=
github.com/joeycumines/goja v0.0.0-20260914043515-8f59e7caeb25 h1:pEGzE12OYPsEm8j7hlFvWv+D+CQTRu6KdlmatUsVS4s=
github.com/joeycumines/goja v0.0.0-20260914043515-8f59e7caeb25/go.mod h1:BfMkGiyP8PfE2oC4QslzVeAnD+EUl9ByrQxWFAmAWJY=
github.com/joeycumines/goja-eventloop v0.1.0 h1:lAhnfp//PRJeoskjh4B0D8tl7Uzvi72WefDHxDyUVUI=
github.com/joeycumines/goja-eventloop v0.1.0/go.mod h1:tisRQaqcAeVXV0ncRILzYP6ieSz0RMNo7Ns9JvTjFjU=
github.com/joeycumines/goja-protobuf v0.0.0-20260914043531-ac655db0ee0a h1:DOCIjsZiM6LZoFK6lUrMKo0AOP4hG1dn6qrM3vBhSUM=
github.com/joeycumines/goja-protobuf v0.0.0-20260914043531-ac655db0ee0a/go.mod h1:7uAc3Sftpov8DOTQUrJrDlRVDzy8Qyn0TJVBJ6BTVN0=
github.com/joeycumines/goja-protojson v0.0.0-20260914043537-17edd3082f7a h1:XtjbXjxJrCul7M/1BemTfSLxxK/MtMiebpVQAJaErqQ=
github.com/joeycumines/goja-protojson v0.0.0-20260914043537-17edd3082f7a/go.mod h1:gr/GXZcX1sOKCS/J7fZWf+S2hrmTEuHduVz8sb8yW1U=
github.com/joeycumines/goja_nodejs v0.0.0-20260914043542-b894526f2392 h1:gGTSkir0i9QgYCUtB23QDYzNzsPolyzWkLpHVkZn+mE=
github.com/joeycumines/goja_nodejs v0.0.0-20260914043542-b894526f2392/go.mod h1:UPDd4tfLQjbS+aSCsnBDKZZ3jGINQOCGQbJtW8LOZoE=
github.com/joeycumines/goroutineid v1.1.1 h1:IwYFdv4vmojSjv8UuWK6DvaMO2jgI2uWmG3RI7G4exs=
github.com/joeycumines/goroutineid v1.1.1/go.mod h1:FwBG25vzdQ//I2VtrHMaZEA1ko13ksMWRqV411Mlyms=
github.com/joeycumines/logiface v0.7.0 h1:SkQqJkLykRqmc2TfadY3s+ykhY+UoNlVeGCaWJ/s7Sc=
github.com/joeycumines/logiface v0.7.0/go.mod h1:Ne7/IqTVsCoD6L5JywncxcUl9XnpF/iDhnybgucgJCE=
github.com/joeycumines/stumpy v0.4.1 h1:4idZEq/2Fi6mAy9sdk8j+P+ENlaLh1S8c9ymZQLoNzA=
github.com/joeycumines/stumpy v0.4.1/go.mod h1:qy2xFa8+dwh5DlgWa1WlZqld+1wyGVJEVwZlRNJvR6E=
go.opentelemetry.io/auto/sdk v1.2.1 h1:jXsnJ4Lmnqd11kwkBV2LgLoFMZKizbCi5fNZ/ipaZ64=
go.opentelemetry.io/auto/sdk v1.2.1/go.mod h1:KRTj+aOaElaLi+wW1kO/DZRXwkF4C5xPbEe3ZiIhN7Y=
go.opentelemetry.io/otel v1.44.0 h1:JjwHmHpA4iZ3wBxluu2fbbE7j4kqlE8jXyAyPXH7HqU=
go.opentelemetry.io/otel v1.44.0/go.mod h1:BMgjTHL9WPRlRjL2oZCBTL4whCGtXch2H4BhOPIAyYc=
go.opentelemetry.io/otel/metric v1.44.0 h1:1w0gILTcHdr3YI+ixLyjemwrVnsMURbTZFrSYCdDdmc=
go.opentelemetry.io/otel/metric v1.44.0/go.mod h1:8O7hanEPBNgEMmybD3s2VBKcgWOCsA6tzHBPODAiquo=
go.opentelemetry.io/otel/sdk v1.44.0 h1:nHYwb9lK+fJPU/dnT6s7W7Z8itMWyqrnVfbheVYrZ58=
go.opentelemetry.io/otel/sdk v1.44.0/go.mod h1:Osuydd3Se74nqjAKxid74N5eC+jfEqfTegHRnq58oK0=
go.opentelemetry.io/otel/sdk/metric v1.44.0 h1:3LlKgI+VjbVsjNRFZJZAJ30WjXC5VkNRks6si09iEfI=
go.opentelemetry.io/otel/sdk/metric v1.44.0/go.mod h1:5B5pMARnXxKhltooO4xUuCBorl65a4EpnTalObqOigA=
go.opentelemetry.io/otel/trace v1.44.0 h1:jxF5CsGYCe74MCRx2X4g7WsY/VBKRqqpNvXlX/6gtIk=
go.opentelemetry.io/otel/trace v1.44.0/go.mod h1:oLl1jrMQAVo6v3GAggN+1VH9VIz9iUSvW53sW1Q8PIE=
golang.org/x/exp v0.0.0-20260908205506-85c1c2202aba h1:Ck8QetSgk912qxWLMCKxd0in+aiyBQyDSMae6e/xmpU=
golang.org/x/exp v0.0.0-20260908205506-85c1c2202aba/go.mod h1:50RgIsmK7OwqzTTeqcSXQW8SswW0o8fRcDxmqGluJ8E=
golang.org/x/mod v0.41.0 h1:qJmnOUb4YB+FsEuM3HcWucdZASCPGhsX6uljO6pog0c=
golang.org/x/mod v0.41.0/go.mod h1:Ek9pY8RKWXwsWvd3rQiHYtMqkjSUV+s1Rj7j4H5Ur6o=
golang.org/x/net v0.59.0 h1:5zfYln+w5XCxwrnMMJPufRgNoXEaGxl0wo5GqPXyues=
golang.org/x/net v0.59.0/go.mod h1:2DA/G1UfVbCpQPeWTmMPGY7Cs2PkBkwu743bVX5PIVg=
golang.org/x/sys v0.48.0 h1:bbX/i/6MgT9BVLM9RT1thmxL04yeTAhbEz4SyadbXoo=
golang.org/x/sys v0.48.0/go.mod h1:hNLxWAXmnKAxqDtdwIYC4bM9oQPEecfsnNMuSxOs3og=
golang.org/x/text v0.42.0 h1:JbOZXgfeCPU9gacVtYliJqOhD+zhrEqK4LfdpmlUZqI=
golang.org/x/text v0.42.0/go.mod h1:ojzP1Z+2QtioaF8DTtO8K5q7JWVVYwZKenzujK0Zd0E=
gonum.org/v1/gonum v0.17.0 h1:VbpOemQlsSMrYmn7T2OUvQ4dqxQXU+ouZFQsZOx50z4=
gonum.org/v1/gonum v0.17.0/go.mod h1:El3tOrEuMpv2UdMrbNlKEh9vd86bmQ6vqIcDwxEOc1E=
google.golang.org/genproto/googleapis/rpc v0.0.0-20260911204522-f61a6ca850bd h1:29LZPNIJg+GEmJwZXruJJRwqy/wnWAYZXDtROToV/aQ=
google.golang.org/genproto/googleapis/rpc v0.0.0-20260911204522-f61a6ca850bd/go.mod h1:DjtHYE8FKJLivXcBEjGwndXfIC23G0VpXiXKqG179uA=
google.golang.org/grpc v1.83.2 h1:EManeRomTObA0BU7I8vXgg/78uE5MJ9M8B39EX2WscU=
google.golang.org/grpc v1.83.2/go.mod h1:YPI1hK3kDked6iHvgX3tR0y+nX/qpMFKhPgFsokw1S8=
google.golang.org/protobuf v1.36.12 h1:pJOKDDOyeXErUroCihFAd5LQuwXBSpVnKGrj5o/fwxc=
google.golang.org/protobuf v1.36.12/go.mod h1:HTf+CrKn2C3g5S8VImy6tdcUvCska2kB7j23XfzDpco=
