github.com/go-test/deep v1.1.1 h1:0r/53hagsehfO4bzD2Pgr/+RgHqhmf+k1Bpse2cTu1U=
github.com/go-test/deep v1.1.1/go.mod h1:5C2ZWiW0ErCdrYzpqxLbTX7MG14M9iiw8DgHncVwcsE=
github.com/hexops/gotextdiff v1.0.3 h1:gitA9+qJrrTCsiCl7+kh75nPqQt1cx4ZkudSTLoUqJM=
github.com/hexops/gotextdiff v1.0.3/go.mod h1:pSWU5MAI3yDq+fZBTazCSJysOMbxWL1BSow5/V2vxeg=
github.com/joeycumines/go-catrate v0.0.0-20260822232657-5012a789c17d h1:SWlXN36/O1QhdlVH6d7jl2QEarCWVb0S/9xPyl7wMgI=
github.com/joeycumines/go-catrate v0.0.0-20260822232657-5012a789c17d/go.mod h1:X63aGRQPisT+0HCrrRpb/lf458gQK53isDCq+zmfFqY=
github.com/joeycumines/go-detect-cycle v1.0.1 h1:ku62D9m31K6yp/lmvoA/nEPm0rR0Q/VuWCY9LJGfbTI=
github.com/joeycumines/go-detect-cycle v1.0.1/go.mod h1:Dr2MQx3rLnA//tSlImZo6ogxPouTTbQmfIsd5rfSQ8g=
github.com/joeycumines/go-utilpkg/jsonenc v0.0.0-20260820000213-e3e956b87226 h1:9Dpa8/M1HmcKJO34nPoZia8dRi2pTRKbMDJxkzp04Qg=
github.com/joeycumines/go-utilpkg/jsonenc v0.0.0-20260820000213-e3e956b87226/go.mod h1:6H6lOhkPxuw7XBox7lLlVWdTenc7KmAV/y1RXhBLSXk=
github.com/joeycumines/logiface v0.6.0 h1:HobBs7BQHAyR3j4xjQwNUosJ+2AzHWP9c+BLflyXBdA=
github.com/joeycumines/logiface v0.6.0/go.mod h1:S2wuV+BN8nJnucBnLIFzuTtEIb+Rr04EbU3HhP9z58U=
github.com/joeycumines/stumpy v0.4.0 h1:kwfEEUz1s+iBV+HCbPj3f3FhYrk/+pE7fMoObG0UWSk=
github.com/joeycumines/stumpy v0.4.0/go.mod h1:7O+1/1NVy5a2dRwFuZNKrvtjYhtMSUkdmylD7FqNqyo=
golang.org/x/exp v0.0.0-20260824195058-e88cd73687aa h1:QSyA8ishJCyT21kER9KwNt0b7BM3iRK4x9QXhjN5Fdk=
golang.org/x/exp v0.0.0-20260824195058-e88cd73687aa/go.mod h1:zeBbvyFKDaLwa7CH/zI8KXt7gTl14SF7sO08Pl5jBCM=
