github.com/hexops/gotextdiff v1.0.3 h1:gitA9+qJrrTCsiCl7+kh75nPqQt1cx4ZkudSTLoUqJM=
github.com/hexops/gotextdiff v1.0.3/go.mod h1:pSWU5MAI3yDq+fZBTazCSJysOMbxWL1BSow5/V2vxeg=
github.com/joeycumines/go-utilpkg/logiface v0.0.0-20230212040836-2098e4ad1fb0 h1:Z5TLRc8PjFURGA/nrxRfWhBv5w0XfmJa0yi3q42KMB4=
github.com/joeycumines/go-utilpkg/logiface v0.0.0-20230212040836-2098e4ad1fb0/go.mod h1:oiMvBxsJ12/gYlJEXLV+kxltbfa2uX3F/qV9UoVQcnM=
golang.org/x/exp v0.0.0-20230213192124-5e25df0256eb h1:PaBZQdo+iSDyHT053FjUCgZQ/9uqVwPOcl7KSWhKn6w=
golang.org/x/exp v0.0.0-20230213192124-5e25df0256eb/go.mod h1:CxIveKay+FTh1D0yPZemJVgC/95VzuuOLq5Qi4xnoYc=
